
Microsoft Visual Studio Solution File, Format Version 11.00
# Visual Studio 2010
Project("{FAE04EC0-301F-11D3-BF4B-00C04F79EFBC}") = "robotlegs-sharp-framework-test", "robotlegs-sharp-framework-test.csproj", "{FBC7C81F-AD6C-48BB-AF4F-E86BE9BAA65F}"
EndProject
Project("{FAE04EC0-301F-11D3-BF4B-00C04F79EFBC}") = "robotlegs-sharp-framework", "robotlegs-sharp-framework.csproj", "{0860F3E8-816C-4B61-A774-BFAB44F94896}"
EndProject
Global
	GlobalSection(SolutionConfigurationPlatforms) = preSolution
		Debug|x86 = Debug|x86
		Release|x86 = Release|x86
	EndGlobalSection
	GlobalSection(ProjectConfigurationPlatforms) = postSolution
		{0860F3E8-816C-4B61-A774-BFAB44F94896}.Debug|x86.ActiveCfg = Debug|x86
		{0860F3E8-816C-4B61-A774-BFAB44F94896}.Debug|x86.Build.0 = Debug|x86
		{0860F3E8-816C-4B61-A774-BFAB44F94896}.Release|x86.ActiveCfg = Release|x86
		{0860F3E8-816C-4B61-A774-BFAB44F94896}.Release|x86.Build.0 = Release|x86
		{FBC7C81F-AD6C-48BB-AF4F-E86BE9BAA65F}.Debug|x86.ActiveCfg = Debug|x86
		{FBC7C81F-AD6C-48BB-AF4F-E86BE9BAA65F}.Debug|x86.Build.0 = Debug|x86
		{FBC7C81F-AD6C-48BB-AF4F-E86BE9BAA65F}.Release|x86.ActiveCfg = Release|x86
		{FBC7C81F-AD6C-48BB-AF4F-E86BE9BAA65F}.Release|x86.Build.0 = Release|x86
	EndGlobalSection
	GlobalSection(MonoDevelopProperties) = preSolution
		StartupItem = robotlegs-sharp-framework-test.csproj
	EndGlobalSection
EndGlobal
