
Microsoft Visual Studio Solution File, Format Version 12.00
# Visual Studio 2012
Project("{FAE04EC0-301F-11D3-BF4B-00C04F79EFBC}") = "robotlegs-sharp-platform-unity-editor", "robotlegs-sharp-platform-unity-editor.csproj", "{0A5E3C39-DB52-4BB1-8EA0-739CEBD95E95}"
EndProject
Project("{FAE04EC0-301F-11D3-BF4B-00C04F79EFBC}") = "robotlegs-sharp-framework", "robotlegs-sharp-framework.csproj", "{BA0B7671-3283-4AFE-B5B2-8CF9BD9C74BE}"
EndProject
Project("{FAE04EC0-301F-11D3-BF4B-00C04F79EFBC}") = "robotlegs-sharp-platform-unity", "robotlegs-sharp-platform-unity.csproj", "{9DA7E079-E927-439D-BC50-BBD2EB30B5D3}"
EndProject
Global
	GlobalSection(SolutionConfigurationPlatforms) = preSolution
		Debug|Any CPU = Debug|Any CPU
		Release|Any CPU = Release|Any CPU
	EndGlobalSection
	GlobalSection(ProjectConfigurationPlatforms) = postSolution
		{BA0B7671-3283-4AFE-B5B2-8CF9BD9C74BE}.Debug|Any CPU.ActiveCfg = Debug|Any CPU
		{BA0B7671-3283-4AFE-B5B2-8CF9BD9C74BE}.Debug|Any CPU.Build.0 = Debug|Any CPU
		{BA0B7671-3283-4AFE-B5B2-8CF9BD9C74BE}.Release|Any CPU.ActiveCfg = Release|Any CPU
		{BA0B7671-3283-4AFE-B5B2-8CF9BD9C74BE}.Release|Any CPU.Build.0 = Release|Any CPU
		{0A5E3C39-DB52-4BB1-8EA0-739CEBD95E95}.Debug|Any CPU.ActiveCfg = Debug|Any CPU
		{0A5E3C39-DB52-4BB1-8EA0-739CEBD95E95}.Debug|Any CPU.Build.0 = Debug|Any CPU
		{0A5E3C39-DB52-4BB1-8EA0-739CEBD95E95}.Release|Any CPU.ActiveCfg = Release|Any CPU
		{0A5E3C39-DB52-4BB1-8EA0-739CEBD95E95}.Release|Any CPU.Build.0 = Release|Any CPU
		{9DA7E079-E927-439D-BC50-BBD2EB30B5D3}.Debug|Any CPU.ActiveCfg = Debug|Any CPU
		{9DA7E079-E927-439D-BC50-BBD2EB30B5D3}.Debug|Any CPU.Build.0 = Debug|Any CPU
		{9DA7E079-E927-439D-BC50-BBD2EB30B5D3}.Release|Any CPU.ActiveCfg = Debug|Any CPU
		{9DA7E079-E927-439D-BC50-BBD2EB30B5D3}.Release|Any CPU.Build.0 = Debug|Any CPU
	EndGlobalSection
EndGlobal
